# This file is automatically @generated by Cargo.
# It is not intended for manual editing.
version = 4

[[package]]
name = "andromeda-cli"
version = "0.1.0"
dependencies = [
 "andromeda-control",
 "andromeda-core",
 "andromeda-dataplane",
 "andromeda-nat",
]

[[package]]
name = "andromeda-control"
version = "0.1.0"
dependencies = [
 "andromeda-core",
]

[[package]]
name = "andromeda-core"
version = "0.1.0"

[[package]]
name = "andromeda-dataplane"
version = "0.1.0"
dependencies = [
 "andromeda-control",
 "andromeda-core",
 "andromeda-nat",
]

[[package]]
name = "andromeda-nat"
version = "0.1.0"
dependencies = [
 "andromeda-core",
]
